
Microsoft Visual Studio Solution File, Format Version 12.00
# Visual Studio Version 17
VisualStudioVersion = 17.4.33213.308
MinimumVisualStudioVersion = 10.0.40219.1
Project("{FAE04EC0-301F-11D3-BF4B-00C04F79EFBC}") = "PromedioFinalEstudiante", "PromedioFinalEstudiante\PromedioFinalEstudiante.csproj", "{6A48EB9E-6362-465A-ACA4-D8CEA3176E20}"
EndProject
Global
	GlobalSection(SolutionConfigurationPlatforms) = preSolution
		Debug|Any CPU = Debug|Any CPU
		Release|Any CPU = Release|Any CPU
	EndGlobalSection
	GlobalSection(ProjectConfigurationPlatforms) = postSolution
		{6A48EB9E-6362-465A-ACA4-D8CEA3176E20}.Debug|Any CPU.ActiveCfg = Debug|Any CPU
		{6A48EB9E-6362-465A-ACA4-D8CEA3176E20}.Debug|Any CPU.Build.0 = Debug|Any CPU
		{6A48EB9E-6362-465A-ACA4-D8CEA3176E20}.Release|Any CPU.ActiveCfg = Release|Any CPU
		{6A48EB9E-6362-465A-ACA4-D8CEA3176E20}.Release|Any CPU.Build.0 = Release|Any CPU
	EndGlobalSection
	GlobalSection(SolutionProperties) = preSolution
		HideSolutionNode = FALSE
	EndGlobalSection
	GlobalSection(ExtensibilityGlobals) = postSolution
		SolutionGuid = {CFE010E9-64BB-42D6-B8E3-72382C7B7681}
	EndGlobalSection
EndGlobal
